// !$*UTF8*$!
{
	archiveVersion = 1;
	classes = {
	};
	objectVersion = 46;
	objects = {

/* Begin PBXBuildFile section */
		D5CE81FC18C1F24400F11D14 /* Foundation.framework in Frameworks */ = {isa = PBXBuildFile; fileRef = D5CE81FB18C1F24400F11D14 /* Foundation.framework */; };
		D5CE81FE18C1F24400F11D14 /* UIKit.framework in Frameworks */ = {isa = PBXBuildFile; fileRef = D5CE81FD18C1F24400F11D14 /* UIKit.framework */; };
		D5CE820718C1F24400F11D14 /* PlanBeQuickAdd.m in Sources */ = {isa = PBXBuildFile; fileRef = D5CE820618C1F24400F11D14 /* PlanBeQuickAdd.m */; };
		D5CE821818C1F29000F11D14 /* libactivator.dylib in Frameworks */ = {isa = PBXBuildFile; fileRef = D5CE821718C1F29000F11D14 /* libactivator.dylib */; };
/* End PBXBuildFile section */

/* Begin PBXFileReference section */
		D5CE81F818C1F24400F11D14 /* PlanBeQuickAdd.dylib */ = {isa = PBXFileReference; explicitFileType = "compiled.mach-o.dylib"; includeInIndex = 0; path = PlanBeQuickAdd.dylib; sourceTree = BUILT_PRODUCTS_DIR; };
		D5CE81FB18C1F24400F11D14 /* Foundation.framework */ = {isa = PBXFileReference; lastKnownFileType = wrapper.framework; name = Foundation.framework; path = System/Library/Frameworks/Foundation.framework; sourceTree = SDKROOT; };
		D5CE81FD18C1F24400F11D14 /* UIKit.framework */ = {isa = PBXFileReference; lastKnownFileType = wrapper.framework; name = UIKit.framework; path = System/Library/Frameworks/UIKit.framework; sourceTree = SDKROOT; };
		D5CE820218C1F24400F11D14 /* control.txt */ = {isa = PBXFileReference; lastKnownFileType = text; name = control.txt; path = Package/DEBIAN/control.txt; sourceTree = "<group>"; };
		D5CE820318C1F24400F11D14 /* control */ = {isa = PBXFileReference; lastKnownFileType = text; name = control; path = Package/DEBIAN/control; sourceTree = "<group>"; };
		D5CE820518C1F24400F11D14 /* PackageVersion.plist */ = {isa = PBXFileReference; lastKnownFileType = text.plist.xml; path = PackageVersion.plist; sourceTree = "<group>"; };
		D5CE820618C1F24400F11D14 /* PlanBeQuickAdd.m */ = {isa = PBXFileReference; lastKnownFileType = sourcecode.c.objc; path = PlanBeQuickAdd.m; sourceTree = "<group>"; };
		D5CE820B18C1F24400F11D14 /* PlanBeQuickAdd.plist */ = {isa = PBXFileReference; lastKnownFileType = text.plist.xml; name = PlanBeQuickAdd.plist; path = Package/Library/MobileSubstrate/DynamicLibraries/PlanBeQuickAdd.plist; sourceTree = "<group>"; };
		D5CE820F18C1F24400F11D14 /* Info.plist */ = {isa = PBXFileReference; lastKnownFileType = text.plist.xml; name = Info.plist; path = Package/Library/Activator/Listeners/com.jmjeong.PlanBeQuickAdd/Info.plist; sourceTree = "<group>"; };
		D5CE821718C1F29000F11D14 /* libactivator.dylib */ = {isa = PBXFileReference; lastKnownFileType = "compiled.mach-o.dylib"; name = libactivator.dylib; path = ../../../../../opt/iOSOpenDev/lib/libactivator.dylib; sourceTree = "<group>"; };
		D5CE821918C1F5E100F11D14 /* Icon-small.png */ = {isa = PBXFileReference; lastKnownFileType = image.png; path = "Icon-small.png"; sourceTree = "<group>"; };
		D5CE821A18C1F5EB00F11D14 /* Icon-small@2x.png */ = {isa = PBXFileReference; lastKnownFileType = image.png; path = "Icon-small@2x.png"; sourceTree = "<group>"; };
/* End PBXFileReference section */

/* Begin PBXFrameworksBuildPhase section */
		D5CE81F418C1F24400F11D14 /* Frameworks */ = {
			isa = PBXFrameworksBuildPhase;
			buildActionMask = 2147483647;
			files = (
				D5CE821818C1F29000F11D14 /* libactivator.dylib in Frameworks */,
				D5CE81FC18C1F24400F11D14 /* Foundation.framework in Frameworks */,
				D5CE81FE18C1F24400F11D14 /* UIKit.framework in Frameworks */,
			);
			runOnlyForDeploymentPostprocessing = 0;
		};
/* End PBXFrameworksBuildPhase section */

/* Begin PBXGroup section */
		D5CE81EE18C1F24400F11D14 = {
			isa = PBXGroup;
			children = (
				D5CE81FF18C1F24400F11D14 /* PlanBeQuickAdd */,
				D5CE81FA18C1F24400F11D14 /* Frameworks */,
				D5CE81F918C1F24400F11D14 /* Products */,
			);
			sourceTree = "<group>";
		};
		D5CE81F918C1F24400F11D14 /* Products */ = {
			isa = PBXGroup;
			children = (
				D5CE81F818C1F24400F11D14 /* PlanBeQuickAdd.dylib */,
			);
			name = Products;
			sourceTree = "<group>";
		};
		D5CE81FA18C1F24400F11D14 /* Frameworks */ = {
			isa = PBXGroup;
			children = (
				D5CE821718C1F29000F11D14 /* libactivator.dylib */,
				D5CE81FB18C1F24400F11D14 /* Foundation.framework */,
				D5CE81FD18C1F24400F11D14 /* UIKit.framework */,
			);
			name = Frameworks;
			sourceTree = "<group>";
		};
		D5CE81FF18C1F24400F11D14 /* PlanBeQuickAdd */ = {
			isa = PBXGroup;
			children = (
				D5CE820618C1F24400F11D14 /* PlanBeQuickAdd.m */,
				D5CE820018C1F24400F11D14 /* Package */,
				D5CE820418C1F24400F11D14 /* Supporting Files */,
			);
			path = PlanBeQuickAdd;
			sourceTree = "<group>";
		};
		D5CE820018C1F24400F11D14 /* Package */ = {
			isa = PBXGroup;
			children = (
				D5CE820118C1F24400F11D14 /* DEBIAN */,
				D5CE820818C1F24400F11D14 /* Library */,
			);
			name = Package;
			sourceTree = "<group>";
		};
		D5CE820118C1F24400F11D14 /* DEBIAN */ = {
			isa = PBXGroup;
			children = (
				D5CE820218C1F24400F11D14 /* control.txt */,
				D5CE820318C1F24400F11D14 /* control */,
			);
			name = DEBIAN;
			sourceTree = "<group>";
		};
		D5CE820418C1F24400F11D14 /* Supporting Files */ = {
			isa = PBXGroup;
			children = (
				D5CE820518C1F24400F11D14 /* PackageVersion.plist */,
			);
			name = "Supporting Files";
			sourceTree = "<group>";
		};
		D5CE820818C1F24400F11D14 /* Library */ = {
			isa = PBXGroup;
			children = (
				D5CE820918C1F24400F11D14 /* MobileSubstrate */,
				D5CE820C18C1F24400F11D14 /* Activator */,
			);
			name = Library;
			sourceTree = "<group>";
		};
		D5CE820918C1F24400F11D14 /* MobileSubstrate */ = {
			isa = PBXGroup;
			children = (
				D5CE820A18C1F24400F11D14 /* DynamicLibraries */,
			);
			name = MobileSubstrate;
			sourceTree = "<group>";
		};
		D5CE820A18C1F24400F11D14 /* DynamicLibraries */ = {
			isa = PBXGroup;
			children = (
				D5CE820B18C1F24400F11D14 /* PlanBeQuickAdd.plist */,
			);
			name = DynamicLibraries;
			sourceTree = "<group>";
		};
		D5CE820C18C1F24400F11D14 /* Activator */ = {
			isa = PBXGroup;
			children = (
				D5CE820D18C1F24400F11D14 /* Listeners */,
			);
			name = Activator;
			sourceTree = "<group>";
		};
		D5CE820D18C1F24400F11D14 /* Listeners */ = {
			isa = PBXGroup;
			children = (
				D5CE820E18C1F24400F11D14 /* ___VARIABLE_bundleIdentifierPrefix:bundleIdentifier___.___VARIABLE_productName:RFC1034Identifier___ */,
			);
			name = Listeners;
			sourceTree = "<group>";
		};
		D5CE820E18C1F24400F11D14 /* ___VARIABLE_bundleIdentifierPrefix:bundleIdentifier___.___VARIABLE_productName:RFC1034Identifier___ */ = {
			isa = PBXGroup;
			children = (
				D5CE821A18C1F5EB00F11D14 /* Icon-small@2x.png */,
				D5CE821918C1F5E100F11D14 /* Icon-small.png */,
				D5CE820F18C1F24400F11D14 /* Info.plist */,
			);
			name = "___VARIABLE_bundleIdentifierPrefix:bundleIdentifier___.___VARIABLE_productName:RFC1034Identifier___";
			sourceTree = "<group>";
		};
/* End PBXGroup section */

/* Begin PBXHeadersBuildPhase section */
		D5CE81F518C1F24400F11D14 /* Headers */ = {
			isa = PBXHeadersBuildPhase;
			buildActionMask = 2147483647;
			files = (
			);
			runOnlyForDeploymentPostprocessing = 0;
		};
/* End PBXHeadersBuildPhase section */

/* Begin PBXNativeTarget section */
		D5CE81F718C1F24400F11D14 /* PlanBeQuickAdd */ = {
			isa = PBXNativeTarget;
			buildConfigurationList = D5CE821418C1F24400F11D14 /* Build configuration list for PBXNativeTarget "PlanBeQuickAdd" */;
			buildPhases = (
				D5CE81F318C1F24400F11D14 /* Sources */,
				D5CE81F418C1F24400F11D14 /* Frameworks */,
				D5CE81F518C1F24400F11D14 /* Headers */,
				D5CE81F618C1F24400F11D14 /* ShellScript */,
			);
			buildRules = (
			);
			dependencies = (
			);
			name = PlanBeQuickAdd;
			productName = PlanBeQuickAdd;
			productReference = D5CE81F818C1F24400F11D14 /* PlanBeQuickAdd.dylib */;
			productType = "com.apple.product-type.library.dynamic";
		};
/* End PBXNativeTarget section */

/* Begin PBXProject section */
		D5CE81EF18C1F24400F11D14 /* Project object */ = {
			isa = PBXProject;
			attributes = {
				LastUpgradeCheck = 0500;
			};
			buildConfigurationList = D5CE81F218C1F24400F11D14 /* Build configuration list for PBXProject "PlanBeQuickAdd" */;
			compatibilityVersion = "Xcode 3.2";
			developmentRegion = English;
			hasScannedForEncodings = 0;
			knownRegions = (
				en,
			);
			mainGroup = D5CE81EE18C1F24400F11D14;
			productRefGroup = D5CE81F918C1F24400F11D14 /* Products */;
			projectDirPath = "";
			projectRoot = "";
			targets = (
				D5CE81F718C1F24400F11D14 /* PlanBeQuickAdd */,
			);
		};
/* End PBXProject section */

/* Begin PBXShellScriptBuildPhase section */
		D5CE81F618C1F24400F11D14 /* ShellScript */ = {
			isa = PBXShellScriptBuildPhase;
			buildActionMask = 2147483647;
			files = (
			);
			inputPaths = (
			);
			outputPaths = (
			);
			runOnlyForDeploymentPostprocessing = 0;
			shellPath = /bin/sh;
			shellScript = "/opt/iOSOpenDev/bin/iosod --xcbp";
		};
/* End PBXShellScriptBuildPhase section */

/* Begin PBXSourcesBuildPhase section */
		D5CE81F318C1F24400F11D14 /* Sources */ = {
			isa = PBXSourcesBuildPhase;
			buildActionMask = 2147483647;
			files = (
				D5CE820718C1F24400F11D14 /* PlanBeQuickAdd.m in Sources */,
			);
			runOnlyForDeploymentPostprocessing = 0;
		};
/* End PBXSourcesBuildPhase section */

/* Begin XCBuildConfiguration section */
		D5CE821218C1F24400F11D14 /* Debug */ = {
			isa = XCBuildConfiguration;
			buildSettings = {
				ARCHS = "$(ARCHS_STANDARD_INCLUDING_64_BIT)";
				CLANG_ENABLE_MODULES = YES;
				COPY_PHASE_STRIP = NO;
				EXCLUDED_RECURSIVE_SEARCH_PATH_SUBDIRECTORIES = "*.nib *.lproj *.gch (*) .DS_Store CVS .svn .git .hg *.xcodeproj *.xcode *.pbproj *.pbxproj";
				FRAMEWORK_SEARCH_PATHS = (
					"$(iOSOpenDevPath)/frameworks/**",
					"$(SDKROOT)/System/Library/PrivateFrameworks",
				);
				GCC_C_LANGUAGE_STANDARD = gnu99;
				GCC_DYNAMIC_NO_PIC = NO;
				GCC_OPTIMIZATION_LEVEL = 0;
				GCC_PREPROCESSOR_DEFINITIONS = (
					"DEBUG=1",
					"$(inherited)",
				);
				GCC_SYMBOLS_PRIVATE_EXTERN = NO;
				GCC_WARN_ABOUT_MISSING_PROTOTYPES = YES;
				GCC_WARN_ABOUT_RETURN_TYPE = YES;
				GCC_WARN_UNUSED_VARIABLE = YES;
				HEADER_SEARCH_PATHS = "$(iOSOpenDevPath)/include/**";
				IPHONEOS_DEPLOYMENT_TARGET = 7.0;
				LIBRARY_SEARCH_PATHS = "$(iOSOpenDevPath)/lib/**";
				ONLY_ACTIVE_ARCH = YES;
				SDKROOT = iphoneos;
				TARGETED_DEVICE_FAMILY = "1,2";
				VALIDATE_PRODUCT = NO;
				iOSOpenDevPath = /opt/iOSOpenDev;
			};
			name = Debug;
		};
		D5CE821318C1F24400F11D14 /* Release */ = {
			isa = XCBuildConfiguration;
			buildSettings = {
				ARCHS = "$(ARCHS_STANDARD_INCLUDING_64_BIT)";
				CLANG_ENABLE_MODULES = YES;
				COPY_PHASE_STRIP = YES;
				EXCLUDED_RECURSIVE_SEARCH_PATH_SUBDIRECTORIES = "*.nib *.lproj *.gch (*) .DS_Store CVS .svn .git .hg *.xcodeproj *.xcode *.pbproj *.pbxproj";
				FRAMEWORK_SEARCH_PATHS = (
					"$(iOSOpenDevPath)/frameworks/**",
					"$(SDKROOT)/System/Library/PrivateFrameworks",
				);
				GCC_C_LANGUAGE_STANDARD = gnu99;
				GCC_WARN_ABOUT_MISSING_PROTOTYPES = YES;
				GCC_WARN_ABOUT_RETURN_TYPE = YES;
				GCC_WARN_UNUSED_VARIABLE = YES;
				HEADER_SEARCH_PATHS = "$(iOSOpenDevPath)/include/**";
				IPHONEOS_DEPLOYMENT_TARGET = 7.0;
				LIBRARY_SEARCH_PATHS = "$(iOSOpenDevPath)/lib/**";
				SDKROOT = iphoneos;
				TARGETED_DEVICE_FAMILY = "1,2";
				VALIDATE_PRODUCT = YES;
				iOSOpenDevPath = /opt/iOSOpenDev;
			};
			name = Release;
		};
		D5CE821518C1F24400F11D14 /* Debug */ = {
			isa = XCBuildConfiguration;
			buildSettings = {
				CODE_SIGN_IDENTITY = "";
				DYLIB_COMPATIBILITY_VERSION = 1;
				DYLIB_CURRENT_VERSION = 1;
				INSTALL_PATH = /Library/MobileSubstrate/DynamicLibraries;
				LIBRARY_SEARCH_PATHS = (
					"$(inherited)",
					/opt/iOSOpenDev/lib,
				);
				PRODUCT_NAME = "$(TARGET_NAME)";
				iOSOpenDevBuildPackageOnAnyBuild = NO;
				iOSOpenDevCopyOnBuild = NO;
				iOSOpenDevDevice = "";
				iOSOpenDevInstallOnAnyBuild = NO;
				iOSOpenDevInstallOnProfiling = YES;
				iOSOpenDevRespringOnInstall = YES;
				iOSOpenDevUsePackageVersionPList = YES;
			};
			name = Debug;
		};
		D5CE821618C1F24400F11D14 /* Release */ = {
			isa = XCBuildConfiguration;
			buildSettings = {
				CODE_SIGN_IDENTITY = "";
				DYLIB_COMPATIBILITY_VERSION = 1;
				DYLIB_CURRENT_VERSION = 1;
				INSTALL_PATH = /Library/MobileSubstrate/DynamicLibraries;
				LIBRARY_SEARCH_PATHS = (
					"$(inherited)",
					/opt/iOSOpenDev/lib,
				);
				PRODUCT_NAME = "$(TARGET_NAME)";
				iOSOpenDevBuildPackageOnAnyBuild = NO;
				iOSOpenDevCopyOnBuild = NO;
				iOSOpenDevDevice = "";
				iOSOpenDevInstallOnAnyBuild = NO;
				iOSOpenDevInstallOnProfiling = YES;
				iOSOpenDevRespringOnInstall = YES;
				iOSOpenDevUsePackageVersionPList = YES;
			};
			name = Release;
		};
/* End XCBuildConfiguration section */

/* Begin XCConfigurationList section */
		D5CE81F218C1F24400F11D14 /* Build configuration list for PBXProject "PlanBeQuickAdd" */ = {
			isa = XCConfigurationList;
			buildConfigurations = (
				D5CE821218C1F24400F11D14 /* Debug */,
				D5CE821318C1F24400F11D14 /* Release */,
			);
			defaultConfigurationIsVisible = 0;
			defaultConfigurationName = Release;
		};
		D5CE821418C1F24400F11D14 /* Build configuration list for PBXNativeTarget "PlanBeQuickAdd" */ = {
			isa = XCConfigurationList;
			buildConfigurations = (
				D5CE821518C1F24400F11D14 /* Debug */,
				D5CE821618C1F24400F11D14 /* Release */,
			);
			defaultConfigurationIsVisible = 0;
		};
/* End XCConfigurationList section */
	};
	rootObject = D5CE81EF18C1F24400F11D14 /* Project object */;
}
