// !$*UTF8*$!
{
	archiveVersion = 1;
	classes = {
	};
	objectVersion = 46;
	objects = {

/* Begin PBXBuildFile section */
		D55005DB18D84739003A18C3 /* Foundation.framework in Frameworks */ = {isa = PBXBuildFile; fileRef = D55005DA18D84739003A18C3 /* Foundation.framework */; };
		D55005DD18D84739003A18C3 /* UIKit.framework in Frameworks */ = {isa = PBXBuildFile; fileRef = D55005DC18D84739003A18C3 /* UIKit.framework */; };
		D55005E618D84739003A18C3 /* planbequickadd.m in Sources */ = {isa = PBXBuildFile; fileRef = D55005E518D84739003A18C3 /* planbequickadd.m */; };
		D55005F718D84F0E003A18C3 /* libactivator.dylib in Frameworks */ = {isa = PBXBuildFile; fileRef = D55005F618D84F0E003A18C3 /* libactivator.dylib */; };
/* End PBXBuildFile section */

/* Begin PBXFileReference section */
		D55005D718D84739003A18C3 /* planbequickadd.dylib */ = {isa = PBXFileReference; explicitFileType = "compiled.mach-o.dylib"; includeInIndex = 0; path = planbequickadd.dylib; sourceTree = BUILT_PRODUCTS_DIR; };
		D55005DA18D84739003A18C3 /* Foundation.framework */ = {isa = PBXFileReference; lastKnownFileType = wrapper.framework; name = Foundation.framework; path = System/Library/Frameworks/Foundation.framework; sourceTree = SDKROOT; };
		D55005DC18D84739003A18C3 /* UIKit.framework */ = {isa = PBXFileReference; lastKnownFileType = wrapper.framework; name = UIKit.framework; path = System/Library/Frameworks/UIKit.framework; sourceTree = SDKROOT; };
		D55005E118D84739003A18C3 /* control.txt */ = {isa = PBXFileReference; lastKnownFileType = text; name = control.txt; path = Package/DEBIAN/control.txt; sourceTree = "<group>"; };
		D55005E218D84739003A18C3 /* control */ = {isa = PBXFileReference; lastKnownFileType = text; name = control; path = Package/DEBIAN/control; sourceTree = "<group>"; };
		D55005E418D84739003A18C3 /* PackageVersion.plist */ = {isa = PBXFileReference; lastKnownFileType = text.plist.xml; path = PackageVersion.plist; sourceTree = "<group>"; };
		D55005E518D84739003A18C3 /* planbequickadd.m */ = {isa = PBXFileReference; lastKnownFileType = sourcecode.c.objc; path = planbequickadd.m; sourceTree = "<group>"; };
		D55005EA18D84739003A18C3 /* planbequickadd.plist */ = {isa = PBXFileReference; lastKnownFileType = text.plist.xml; name = planbequickadd.plist; path = Package/Library/MobileSubstrate/DynamicLibraries/planbequickadd.plist; sourceTree = "<group>"; };
		D55005EE18D84739003A18C3 /* Info.plist */ = {isa = PBXFileReference; lastKnownFileType = text.plist.xml; name = Info.plist; path = Package/Library/Activator/Listeners/com.jmjeong.planbequickadd/Info.plist; sourceTree = "<group>"; };
		D55005EF18D84739003A18C3 /* Icon-small.png */ = {isa = PBXFileReference; lastKnownFileType = image.png; name = "Icon-small.png"; path = "Package/Library/Activator/Listeners/com.jmjeong.planbequickadd/Icon-small.png"; sourceTree = "<group>"; };
		D55005F018D84739003A18C3 /* Icon-small@2x.png */ = {isa = PBXFileReference; lastKnownFileType = image.png; name = "Icon-small@2x.png"; path = "Package/Library/Activator/Listeners/com.jmjeong.planbequickadd/Icon-small@2x.png"; sourceTree = "<group>"; };
		D55005F618D84F0E003A18C3 /* libactivator.dylib */ = {isa = PBXFileReference; lastKnownFileType = "compiled.mach-o.dylib"; path = libactivator.dylib; sourceTree = "<group>"; };
/* End PBXFileReference section */

/* Begin PBXFrameworksBuildPhase section */
		D55005D318D84739003A18C3 /* Frameworks */ = {
			isa = PBXFrameworksBuildPhase;
			buildActionMask = 2147483647;
			files = (
				D55005DB18D84739003A18C3 /* Foundation.framework in Frameworks */,
				D55005F718D84F0E003A18C3 /* libactivator.dylib in Frameworks */,
				D55005DD18D84739003A18C3 /* UIKit.framework in Frameworks */,
			);
			runOnlyForDeploymentPostprocessing = 0;
		};
/* End PBXFrameworksBuildPhase section */

/* Begin PBXGroup section */
		D55005CD18D84739003A18C3 = {
			isa = PBXGroup;
			children = (
				D55005DE18D84739003A18C3 /* planbequickadd */,
				D55005D918D84739003A18C3 /* Frameworks */,
				D55005D818D84739003A18C3 /* Products */,
			);
			sourceTree = "<group>";
		};
		D55005D818D84739003A18C3 /* Products */ = {
			isa = PBXGroup;
			children = (
				D55005D718D84739003A18C3 /* planbequickadd.dylib */,
			);
			name = Products;
			sourceTree = "<group>";
		};
		D55005D918D84739003A18C3 /* Frameworks */ = {
			isa = PBXGroup;
			children = (
				D55005F618D84F0E003A18C3 /* libactivator.dylib */,
				D55005DA18D84739003A18C3 /* Foundation.framework */,
				D55005DC18D84739003A18C3 /* UIKit.framework */,
			);
			name = Frameworks;
			sourceTree = "<group>";
		};
		D55005DE18D84739003A18C3 /* planbequickadd */ = {
			isa = PBXGroup;
			children = (
				D55005E518D84739003A18C3 /* planbequickadd.m */,
				D55005DF18D84739003A18C3 /* Package */,
				D55005E318D84739003A18C3 /* Supporting Files */,
			);
			path = planbequickadd;
			sourceTree = "<group>";
		};
		D55005DF18D84739003A18C3 /* Package */ = {
			isa = PBXGroup;
			children = (
				D55005E018D84739003A18C3 /* DEBIAN */,
				D55005E718D84739003A18C3 /* Library */,
			);
			name = Package;
			sourceTree = "<group>";
		};
		D55005E018D84739003A18C3 /* DEBIAN */ = {
			isa = PBXGroup;
			children = (
				D55005E118D84739003A18C3 /* control.txt */,
				D55005E218D84739003A18C3 /* control */,
			);
			name = DEBIAN;
			sourceTree = "<group>";
		};
		D55005E318D84739003A18C3 /* Supporting Files */ = {
			isa = PBXGroup;
			children = (
				D55005E418D84739003A18C3 /* PackageVersion.plist */,
			);
			name = "Supporting Files";
			sourceTree = "<group>";
		};
		D55005E718D84739003A18C3 /* Library */ = {
			isa = PBXGroup;
			children = (
				D55005E818D84739003A18C3 /* MobileSubstrate */,
				D55005EB18D84739003A18C3 /* Activator */,
			);
			name = Library;
			sourceTree = "<group>";
		};
		D55005E818D84739003A18C3 /* MobileSubstrate */ = {
			isa = PBXGroup;
			children = (
				D55005E918D84739003A18C3 /* DynamicLibraries */,
			);
			name = MobileSubstrate;
			sourceTree = "<group>";
		};
		D55005E918D84739003A18C3 /* DynamicLibraries */ = {
			isa = PBXGroup;
			children = (
				D55005EA18D84739003A18C3 /* planbequickadd.plist */,
			);
			name = DynamicLibraries;
			sourceTree = "<group>";
		};
		D55005EB18D84739003A18C3 /* Activator */ = {
			isa = PBXGroup;
			children = (
				D55005EC18D84739003A18C3 /* Listeners */,
			);
			name = Activator;
			sourceTree = "<group>";
		};
		D55005EC18D84739003A18C3 /* Listeners */ = {
			isa = PBXGroup;
			children = (
				D55005ED18D84739003A18C3 /* ___VARIABLE_bundleIdentifierPrefix:bundleIdentifier___.___VARIABLE_productName:RFC1034Identifier___ */,
			);
			name = Listeners;
			sourceTree = "<group>";
		};
		D55005ED18D84739003A18C3 /* ___VARIABLE_bundleIdentifierPrefix:bundleIdentifier___.___VARIABLE_productName:RFC1034Identifier___ */ = {
			isa = PBXGroup;
			children = (
				D55005EE18D84739003A18C3 /* Info.plist */,
				D55005EF18D84739003A18C3 /* Icon-small.png */,
				D55005F018D84739003A18C3 /* Icon-small@2x.png */,
			);
			name = "___VARIABLE_bundleIdentifierPrefix:bundleIdentifier___.___VARIABLE_productName:RFC1034Identifier___";
			sourceTree = "<group>";
		};
/* End PBXGroup section */

/* Begin PBXHeadersBuildPhase section */
		D55005D418D84739003A18C3 /* Headers */ = {
			isa = PBXHeadersBuildPhase;
			buildActionMask = 2147483647;
			files = (
			);
			runOnlyForDeploymentPostprocessing = 0;
		};
/* End PBXHeadersBuildPhase section */

/* Begin PBXNativeTarget section */
		D55005D618D84739003A18C3 /* planbequickadd */ = {
			isa = PBXNativeTarget;
			buildConfigurationList = D55005F318D84739003A18C3 /* Build configuration list for PBXNativeTarget "planbequickadd" */;
			buildPhases = (
				D55005D218D84739003A18C3 /* Sources */,
				D55005D318D84739003A18C3 /* Frameworks */,
				D55005D418D84739003A18C3 /* Headers */,
				D55005D518D84739003A18C3 /* ShellScript */,
			);
			buildRules = (
			);
			dependencies = (
			);
			name = planbequickadd;
			productName = planbequickadd;
			productReference = D55005D718D84739003A18C3 /* planbequickadd.dylib */;
			productType = "com.apple.product-type.library.dynamic";
		};
/* End PBXNativeTarget section */

/* Begin PBXProject section */
		D55005CE18D84739003A18C3 /* Project object */ = {
			isa = PBXProject;
			attributes = {
				LastUpgradeCheck = 0510;
			};
			buildConfigurationList = D55005D118D84739003A18C3 /* Build configuration list for PBXProject "planbequickadd" */;
			compatibilityVersion = "Xcode 3.2";
			developmentRegion = English;
			hasScannedForEncodings = 0;
			knownRegions = (
				en,
			);
			mainGroup = D55005CD18D84739003A18C3;
			productRefGroup = D55005D818D84739003A18C3 /* Products */;
			projectDirPath = "";
			projectRoot = "";
			targets = (
				D55005D618D84739003A18C3 /* planbequickadd */,
			);
		};
/* End PBXProject section */

/* Begin PBXShellScriptBuildPhase section */
		D55005D518D84739003A18C3 /* ShellScript */ = {
			isa = PBXShellScriptBuildPhase;
			buildActionMask = 2147483647;
			files = (
			);
			inputPaths = (
			);
			outputPaths = (
			);
			runOnlyForDeploymentPostprocessing = 0;
			shellPath = /bin/sh;
			shellScript = "/opt/iOSOpenDev/bin/iosod --xcbp";
		};
/* End PBXShellScriptBuildPhase section */

/* Begin PBXSourcesBuildPhase section */
		D55005D218D84739003A18C3 /* Sources */ = {
			isa = PBXSourcesBuildPhase;
			buildActionMask = 2147483647;
			files = (
				D55005E618D84739003A18C3 /* planbequickadd.m in Sources */,
			);
			runOnlyForDeploymentPostprocessing = 0;
		};
/* End PBXSourcesBuildPhase section */

/* Begin XCBuildConfiguration section */
		D55005F118D84739003A18C3 /* Debug */ = {
			isa = XCBuildConfiguration;
			buildSettings = {
				CLANG_ENABLE_MODULES = YES;
				COPY_PHASE_STRIP = NO;
				EXCLUDED_RECURSIVE_SEARCH_PATH_SUBDIRECTORIES = "*.nib *.lproj *.gch (*) .DS_Store CVS .svn .git .hg *.xcodeproj *.xcode *.pbproj *.pbxproj";
				FRAMEWORK_SEARCH_PATHS = (
					"$(iOSOpenDevPath)/frameworks/**",
					"$(SDKROOT)/System/Library/PrivateFrameworks",
				);
				GCC_C_LANGUAGE_STANDARD = gnu99;
				GCC_DYNAMIC_NO_PIC = NO;
				GCC_OPTIMIZATION_LEVEL = 0;
				GCC_PREPROCESSOR_DEFINITIONS = (
					"DEBUG=1",
					"$(inherited)",
				);
				GCC_SYMBOLS_PRIVATE_EXTERN = NO;
				GCC_WARN_ABOUT_MISSING_PROTOTYPES = YES;
				GCC_WARN_ABOUT_RETURN_TYPE = YES;
				GCC_WARN_UNUSED_VARIABLE = YES;
				HEADER_SEARCH_PATHS = "$(iOSOpenDevPath)/include/**";
				IPHONEOS_DEPLOYMENT_TARGET = 7.0;
				LIBRARY_SEARCH_PATHS = "$(iOSOpenDevPath)/lib/**";
				ONLY_ACTIVE_ARCH = YES;
				SDKROOT = iphoneos;
				TARGETED_DEVICE_FAMILY = "1,2";
				VALIDATE_PRODUCT = NO;
				iOSOpenDevPath = /opt/iOSOpenDev;
			};
			name = Debug;
		};
		D55005F218D84739003A18C3 /* Release */ = {
			isa = XCBuildConfiguration;
			buildSettings = {
				CLANG_ENABLE_MODULES = YES;
				COPY_PHASE_STRIP = YES;
				EXCLUDED_RECURSIVE_SEARCH_PATH_SUBDIRECTORIES = "*.nib *.lproj *.gch (*) .DS_Store CVS .svn .git .hg *.xcodeproj *.xcode *.pbproj *.pbxproj";
				FRAMEWORK_SEARCH_PATHS = (
					"$(iOSOpenDevPath)/frameworks/**",
					"$(SDKROOT)/System/Library/PrivateFrameworks",
				);
				GCC_C_LANGUAGE_STANDARD = gnu99;
				GCC_WARN_ABOUT_MISSING_PROTOTYPES = YES;
				GCC_WARN_ABOUT_RETURN_TYPE = YES;
				GCC_WARN_UNUSED_VARIABLE = YES;
				HEADER_SEARCH_PATHS = "$(iOSOpenDevPath)/include/**";
				IPHONEOS_DEPLOYMENT_TARGET = 7.0;
				LIBRARY_SEARCH_PATHS = "$(iOSOpenDevPath)/lib/**";
				SDKROOT = iphoneos;
				TARGETED_DEVICE_FAMILY = "1,2";
				VALIDATE_PRODUCT = YES;
				iOSOpenDevPath = /opt/iOSOpenDev;
			};
			name = Release;
		};
		D55005F418D84739003A18C3 /* Debug */ = {
			isa = XCBuildConfiguration;
			buildSettings = {
				CODE_SIGN_IDENTITY = "";
				DYLIB_COMPATIBILITY_VERSION = 1;
				DYLIB_CURRENT_VERSION = 1;
				INSTALL_PATH = /Library/MobileSubstrate/DynamicLibraries;
				LIBRARY_SEARCH_PATHS = (
					"$(inherited)",
					"$(PROJECT_DIR)",
				);
				PRODUCT_NAME = "$(TARGET_NAME)";
				iOSOpenDevBuildPackageOnAnyBuild = NO;
				iOSOpenDevCopyOnBuild = NO;
				iOSOpenDevDevice = "";
				iOSOpenDevInstallOnAnyBuild = NO;
				iOSOpenDevInstallOnProfiling = YES;
				iOSOpenDevRespringOnInstall = YES;
				iOSOpenDevUsePackageVersionPList = YES;
			};
			name = Debug;
		};
		D55005F518D84739003A18C3 /* Release */ = {
			isa = XCBuildConfiguration;
			buildSettings = {
				CODE_SIGN_IDENTITY = "";
				DYLIB_COMPATIBILITY_VERSION = 1;
				DYLIB_CURRENT_VERSION = 1;
				INSTALL_PATH = /Library/MobileSubstrate/DynamicLibraries;
				LIBRARY_SEARCH_PATHS = (
					"$(inherited)",
					"$(PROJECT_DIR)",
				);
				PRODUCT_NAME = "$(TARGET_NAME)";
				iOSOpenDevBuildPackageOnAnyBuild = NO;
				iOSOpenDevCopyOnBuild = NO;
				iOSOpenDevDevice = "";
				iOSOpenDevInstallOnAnyBuild = NO;
				iOSOpenDevInstallOnProfiling = YES;
				iOSOpenDevRespringOnInstall = YES;
				iOSOpenDevUsePackageVersionPList = YES;
			};
			name = Release;
		};
/* End XCBuildConfiguration section */

/* Begin XCConfigurationList section */
		D55005D118D84739003A18C3 /* Build configuration list for PBXProject "planbequickadd" */ = {
			isa = XCConfigurationList;
			buildConfigurations = (
				D55005F118D84739003A18C3 /* Debug */,
				D55005F218D84739003A18C3 /* Release */,
			);
			defaultConfigurationIsVisible = 0;
			defaultConfigurationName = Release;
		};
		D55005F318D84739003A18C3 /* Build configuration list for PBXNativeTarget "planbequickadd" */ = {
			isa = XCConfigurationList;
			buildConfigurations = (
				D55005F418D84739003A18C3 /* Debug */,
				D55005F518D84739003A18C3 /* Release */,
			);
			defaultConfigurationIsVisible = 0;
		};
/* End XCConfigurationList section */
	};
	rootObject = D55005CE18D84739003A18C3 /* Project object */;
}
